
Microsoft Visual Studio Solution File, Format Version 12.00
# Visual Studio Version 17
VisualStudioVersion = 17.6.33829.357
MinimumVisualStudioVersion = 10.0.40219.1
Project("{FAE04EC0-301F-11D3-BF4B-00C04F79EFBC}") = "Task1", "Task1\Task1.csproj", "{8DE7145B-A92C-4846-A354-15CD8B72F462}"
EndProject
Global
	GlobalSection(SolutionConfigurationPlatforms) = preSolution
		Debug|Any CPU = Debug|Any CPU
		Release|Any CPU = Release|Any CPU
	EndGlobalSection
	GlobalSection(ProjectConfigurationPlatforms) = postSolution
		{8DE7145B-A92C-4846-A354-15CD8B72F462}.Debug|Any CPU.ActiveCfg = Debug|Any CPU
		{8DE7145B-A92C-4846-A354-15CD8B72F462}.Debug|Any CPU.Build.0 = Debug|Any CPU
		{8DE7145B-A92C-4846-A354-15CD8B72F462}.Release|Any CPU.ActiveCfg = Release|Any CPU
		{8DE7145B-A92C-4846-A354-15CD8B72F462}.Release|Any CPU.Build.0 = Release|Any CPU
	EndGlobalSection
	GlobalSection(SolutionProperties) = preSolution
		HideSolutionNode = FALSE
	EndGlobalSection
	GlobalSection(ExtensibilityGlobals) = postSolution
		SolutionGuid = {F667F0B7-E2F1-4D78-A881-FC178481AF11}
	EndGlobalSection
EndGlobal
